// !$*UTF8*$!
{
	archiveVersion = 1;
	classes = {
	};
	objectVersion = 46;
	objects = {

/* Begin PBXFileReference section */
		F48E7B6F1D890F8E00AA0D4F /* MiniReto.playground */ = {isa = PBXFileReference; lastKnownFileType = file.playground; name = MiniReto.playground; path = ../MiniReto.playground; sourceTree = "<group>"; };
/* End PBXFileReference section */

/* Begin PBXGroup section */
		F48E7B681D890F7A00AA0D4F = {
			isa = PBXGroup;
			children = (
				F48E7B6F1D890F8E00AA0D4F /* MiniReto.playground */,
			);
			sourceTree = "<group>";
		};
/* End PBXGroup section */

/* Begin PBXProject section */
		F48E7B691D890F7A00AA0D4F /* Project object */ = {
			isa = PBXProject;
			attributes = {
				LastUpgradeCheck = 0730;
			};
			buildConfigurationList = F48E7B6C1D890F7A00AA0D4F /* Build configuration list for PBXProject "MiniReto" */;
			compatibilityVersion = "Xcode 3.2";
			developmentRegion = English;
			hasScannedForEncodings = 0;
			knownRegions = (
				en,
			);
			mainGroup = F48E7B681D890F7A00AA0D4F;
			projectDirPath = "";
			projectRoot = "";
			targets = (
			);
		};
/* End PBXProject section */

/* Begin XCBuildConfiguration section */
		F48E7B6D1D890F7A00AA0D4F /* Debug */ = {
			isa = XCBuildConfiguration;
			buildSettings = {
			};
			name = Debug;
		};
		F48E7B6E1D890F7A00AA0D4F /* Release */ = {
			isa = XCBuildConfiguration;
			buildSettings = {
			};
			name = Release;
		};
/* End XCBuildConfiguration section */

/* Begin XCConfigurationList section */
		F48E7B6C1D890F7A00AA0D4F /* Build configuration list for PBXProject "MiniReto" */ = {
			isa = XCConfigurationList;
			buildConfigurations = (
				F48E7B6D1D890F7A00AA0D4F /* Debug */,
				F48E7B6E1D890F7A00AA0D4F /* Release */,
			);
			defaultConfigurationIsVisible = 0;
			defaultConfigurationName = Release;
		};
/* End XCConfigurationList section */
	};
	rootObject = F48E7B691D890F7A00AA0D4F /* Project object */;
}
